
Microsoft Visual Studio Solution File, Format Version 12.00
# Visual Studio 14
VisualStudioVersion = 14.0.25420.1
MinimumVisualStudioVersion = 10.0.40219.1
Project("{FAE04EC0-301F-11D3-BF4B-00C04F79EFBC}") = "LibTss", "LibTss\LibTss.csproj", "{22EBECC4-1668-48E4-AD61-6824310C0577}"
EndProject
Global
	GlobalSection(SolutionConfigurationPlatforms) = preSolution
		Debug|Any CPU = Debug|Any CPU
		Release|Any CPU = Release|Any CPU
	EndGlobalSection
	GlobalSection(ProjectConfigurationPlatforms) = postSolution
		{22EBECC4-1668-48E4-AD61-6824310C0577}.Debug|Any CPU.ActiveCfg = Debug|Any CPU
		{22EBECC4-1668-48E4-AD61-6824310C0577}.Debug|Any CPU.Build.0 = Debug|Any CPU
		{22EBECC4-1668-48E4-AD61-6824310C0577}.Release|Any CPU.ActiveCfg = Release|Any CPU
		{22EBECC4-1668-48E4-AD61-6824310C0577}.Release|Any CPU.Build.0 = Release|Any CPU
	EndGlobalSection
	GlobalSection(SolutionProperties) = preSolution
		HideSolutionNode = FALSE
	EndGlobalSection
EndGlobal
